// !$*UTF8*$!
{
	archiveVersion = 1;
	classes = {
	};
	objectVersion = 50;
	objects = {

/* Begin PBXBuildFile section */
		98203888242A522D0056519C /* 7-2 10.png in Resources */ = {isa = PBXBuildFile; fileRef = 98203887242A522D0056519C /* 7-2 10.png */; };
		984D17A4242928B0005CE011 /* cell-four.swift in Sources */ = {isa = PBXBuildFile; fileRef = 984D17A3242928B0005CE011 /* cell-four.swift */; };
		98716CA6241A210800AB41BB /* AppDelegate.swift in Sources */ = {isa = PBXBuildFile; fileRef = 98716CA5241A210800AB41BB /* AppDelegate.swift */; };
		98716CA8241A210800AB41BB /* SceneDelegate.swift in Sources */ = {isa = PBXBuildFile; fileRef = 98716CA7241A210800AB41BB /* SceneDelegate.swift */; };
		98716CAA241A210800AB41BB /* ViewController.swift in Sources */ = {isa = PBXBuildFile; fileRef = 98716CA9241A210800AB41BB /* ViewController.swift */; };
		98716CAD241A210800AB41BB /* Main.storyboard in Resources */ = {isa = PBXBuildFile; fileRef = 98716CAB241A210800AB41BB /* Main.storyboard */; };
		98716CAF241A210A00AB41BB /* Assets.xcassets in Resources */ = {isa = PBXBuildFile; fileRef = 98716CAE241A210A00AB41BB /* Assets.xcassets */; };
		98716CB2241A210A00AB41BB /* LaunchScreen.storyboard in Resources */ = {isa = PBXBuildFile; fileRef = 98716CB0241A210A00AB41BB /* LaunchScreen.storyboard */; };
		98716CBA241A21D100AB41BB /* CollectionViewCell-one.swift in Sources */ = {isa = PBXBuildFile; fileRef = 98716CB9241A21D100AB41BB /* CollectionViewCell-one.swift */; };
		98716CC0241A307A00AB41BB /* Q_MainPhotoCard.png in Resources */ = {isa = PBXBuildFile; fileRef = 98716CBF241A307A00AB41BB /* Q_MainPhotoCard.png */; };
		98716CC2241A308000AB41BB /* 7-2 5.png in Resources */ = {isa = PBXBuildFile; fileRef = 98716CC1241A308000AB41BB /* 7-2 5.png */; };
		98716CC4241A36F000AB41BB /* CollectionViewCell-two.swift in Sources */ = {isa = PBXBuildFile; fileRef = 98716CC3241A36F000AB41BB /* CollectionViewCell-two.swift */; };
		98716CC6241A3F2600AB41BB /* data.swift in Sources */ = {isa = PBXBuildFile; fileRef = 98716CC5241A3F2600AB41BB /* data.swift */; };
		98716CC8241A539400AB41BB /* 7-2 7.png in Resources */ = {isa = PBXBuildFile; fileRef = 98716CC7241A539400AB41BB /* 7-2 7.png */; };
		98716CCA241A539900AB41BB /* 7-2 8.png in Resources */ = {isa = PBXBuildFile; fileRef = 98716CC9241A539900AB41BB /* 7-2 8.png */; };
		98716CCC241A539F00AB41BB /* 7-2 6.png in Resources */ = {isa = PBXBuildFile; fileRef = 98716CCB241A539F00AB41BB /* 7-2 6.png */; };
		98716CCE241A723700AB41BB /* CollectionViewCell-thre.swift in Sources */ = {isa = PBXBuildFile; fileRef = 98716CCD241A723700AB41BB /* CollectionViewCell-thre.swift */; };
		9892A7DC243E202400015C93 /* LoginView.swift in Sources */ = {isa = PBXBuildFile; fileRef = 9892A7DB243E202400015C93 /* LoginView.swift */; };
		E158A2072466F56600D85161 /* ViewControllerScrollView.swift in Sources */ = {isa = PBXBuildFile; fileRef = E158A2062466F56600D85161 /* ViewControllerScrollView.swift */; };
		E158A20D246C21EC00D85161 /* 1-5.png in Resources */ = {isa = PBXBuildFile; fileRef = E158A208246C21EC00D85161 /* 1-5.png */; };
		E158A20F246C21EC00D85161 /* 1-3.png in Resources */ = {isa = PBXBuildFile; fileRef = E158A20A246C21EC00D85161 /* 1-3.png */; };
		E158A210246C21EC00D85161 /* 1_1.png in Resources */ = {isa = PBXBuildFile; fileRef = E158A20B246C21EC00D85161 /* 1_1.png */; };
		E158A211246C21EC00D85161 /* 1-4.png in Resources */ = {isa = PBXBuildFile; fileRef = E158A20C246C21EC00D85161 /* 1-4.png */; };
		E158A213246C24C400D85161 /* 1-2.png in Resources */ = {isa = PBXBuildFile; fileRef = E158A212246C24C400D85161 /* 1-2.png */; };
		E158A215246C272400D85161 /* 7-2 11.png in Resources */ = {isa = PBXBuildFile; fileRef = E158A214246C272300D85161 /* 7-2 11.png */; };
		E158A217246C2B7000D85161 /* 7-2 9.png in Resources */ = {isa = PBXBuildFile; fileRef = E158A216246C2B6F00D85161 /* 7-2 9.png */; };
		E158A21B246C67BA00D85161 /* 7-2 14.png in Resources */ = {isa = PBXBuildFile; fileRef = E158A218246C67B900D85161 /* 7-2 14.png */; };
		E158A21C246C67BA00D85161 /* 7-21 3.png in Resources */ = {isa = PBXBuildFile; fileRef = E158A219246C67B900D85161 /* 7-21 3.png */; };
		E158A21D246C67BA00D85161 /* 7-2 12.png in Resources */ = {isa = PBXBuildFile; fileRef = E158A21A246C67B900D85161 /* 7-2 12.png */; };
		E158A21F246C69DB00D85161 /* 7-2 15.png in Resources */ = {isa = PBXBuildFile; fileRef = E158A21E246C69DA00D85161 /* 7-2 15.png */; };
		E158A225246D555E00D85161 /* TableListViewCell.swift in Sources */ = {isa = PBXBuildFile; fileRef = E158A224246D555E00D85161 /* TableListViewCell.swift */; };
		E158A227246D57DB00D85161 /* TableListViewController.swift in Sources */ = {isa = PBXBuildFile; fileRef = E158A226246D57DB00D85161 /* TableListViewController.swift */; };
		E158A229246D774700D85161 /* 7-2 16.png in Resources */ = {isa = PBXBuildFile; fileRef = E158A228246D774600D85161 /* 7-2 16.png */; };
		E158A22D246D9D5400D85161 /* Manrope-ExtraBold.ttf in Resources */ = {isa = PBXBuildFile; fileRef = E158A22C246D9D5400D85161 /* Manrope-ExtraBold.ttf */; };
		E158A22F246D9D6100D85161 /* Manrope-Bold.ttf in Resources */ = {isa = PBXBuildFile; fileRef = E158A22E246D9D6100D85161 /* Manrope-Bold.ttf */; };
		E158A231246D9D6B00D85161 /* Manrope-Regular.ttf in Resources */ = {isa = PBXBuildFile; fileRef = E158A230246D9D6A00D85161 /* Manrope-Regular.ttf */; };
		E1740F38246DB2CE00619628 /* raiting.png in Resources */ = {isa = PBXBuildFile; fileRef = E1740F37246DB2CD00619628 /* raiting.png */; };
		E1740F3A246DB2D100619628 /* 7-2 18.png in Resources */ = {isa = PBXBuildFile; fileRef = E1740F39246DB2D100619628 /* 7-2 18.png */; };
		E1740F3C246DB2D500619628 /* burgerMenu.png in Resources */ = {isa = PBXBuildFile; fileRef = E1740F3B246DB2D500619628 /* burgerMenu.png */; };
		E1740F3E246DB49200619628 /* mark.png in Resources */ = {isa = PBXBuildFile; fileRef = E1740F3D246DB49200619628 /* mark.png */; };
		E1740F40246DB60B00619628 /* 7-2 19.png in Resources */ = {isa = PBXBuildFile; fileRef = E1740F3F246DB60B00619628 /* 7-2 19.png */; };
		E1740F42246DB98B00619628 /* meatBall.png in Resources */ = {isa = PBXBuildFile; fileRef = E1740F41246DB98B00619628 /* meatBall.png */; };
		E1740F44246DC4C200619628 /* ProfileScrollViewController.swift in Sources */ = {isa = PBXBuildFile; fileRef = E1740F43246DC4C200619628 /* ProfileScrollViewController.swift */; };
		E1740F46246DD83800619628 /* 7-2 20.png in Resources */ = {isa = PBXBuildFile; fileRef = E1740F45246DD83800619628 /* 7-2 20.png */; };
		E1740F48246DD8A700619628 /* 7-2 21.png in Resources */ = {isa = PBXBuildFile; fileRef = E1740F47246DD8A700619628 /* 7-2 21.png */; };
		E1740F53246DDD1C00619628 /* RoutScrollViewController.swift in Sources */ = {isa = PBXBuildFile; fileRef = E1740F52246DDD1C00619628 /* RoutScrollViewController.swift */; };
		E1740F55246DE08300619628 /* 7-2 22.png in Resources */ = {isa = PBXBuildFile; fileRef = E1740F54246DE08300619628 /* 7-2 22.png */; };
		E1740F57246DE17800619628 /* 7-2 17.png in Resources */ = {isa = PBXBuildFile; fileRef = E1740F56246DE17800619628 /* 7-2 17.png */; };
		E18CB5012471C685006E11A7 /* 7-2 28.png in Resources */ = {isa = PBXBuildFile; fileRef = E18CB5002471C685006E11A7 /* 7-2 28.png */; };
		E18CB5032471C68B006E11A7 /* 7-2 27.png in Resources */ = {isa = PBXBuildFile; fileRef = E18CB5022471C68B006E11A7 /* 7-2 27.png */; };
		E18CB5052471C697006E11A7 /* profileFill.png in Resources */ = {isa = PBXBuildFile; fileRef = E18CB5042471C697006E11A7 /* profileFill.png */; };
		E18CB5072471C6BA006E11A7 /* homeFill.png in Resources */ = {isa = PBXBuildFile; fileRef = E18CB5062471C6BA006E11A7 /* homeFill.png */; };
		E197F38C2455E494002CFABC /* Notifications.swift in Sources */ = {isa = PBXBuildFile; fileRef = E197F38B2455E494002CFABC /* Notifications.swift */; };
		E197F38E2455E878002CFABC /* PopOverViewComtroller.swift in Sources */ = {isa = PBXBuildFile; fileRef = E197F38D2455E878002CFABC /* PopOverViewComtroller.swift */; };
		E197F3902455EC43002CFABC /* Shared.swift in Sources */ = {isa = PBXBuildFile; fileRef = E197F38F2455EC43002CFABC /* Shared.swift */; };
		E1BB9858246EC55A00F2DE0A /* 7-2 23.png in Resources */ = {isa = PBXBuildFile; fileRef = E1BB9857246EC55A00F2DE0A /* 7-2 23.png */; };
		E1BB985A246EC56000F2DE0A /* 7-2 24.png in Resources */ = {isa = PBXBuildFile; fileRef = E1BB9859246EC56000F2DE0A /* 7-2 24.png */; };
		E1BB985C246EC56400F2DE0A /* 7-2 25.png in Resources */ = {isa = PBXBuildFile; fileRef = E1BB985B246EC56400F2DE0A /* 7-2 25.png */; };
		E1BB985E246EF9DA00F2DE0A /* AudioViewController.swift in Sources */ = {isa = PBXBuildFile; fileRef = E1BB985D246EF9DA00F2DE0A /* AudioViewController.swift */; };
		E1BB9861246EFC2800F2DE0A /* AVFoundation.framework in Frameworks */ = {isa = PBXBuildFile; fileRef = E1BB9860246EFC2800F2DE0A /* AVFoundation.framework */; };
		E1BB9866246EFD1A00F2DE0A /* Audio.mp3 in Resources */ = {isa = PBXBuildFile; fileRef = E1BB9865246EFD1A00F2DE0A /* Audio.mp3 */; };
		E1BB9868246F089400F2DE0A /* markFill.png in Resources */ = {isa = PBXBuildFile; fileRef = E1BB9867246F089400F2DE0A /* markFill.png */; };
		E1BB986A246F19E800F2DE0A /* play.png in Resources */ = {isa = PBXBuildFile; fileRef = E1BB9869246F19E800F2DE0A /* play.png */; };
		E1BB986C246F19ED00F2DE0A /* pause.png in Resources */ = {isa = PBXBuildFile; fileRef = E1BB986B246F19ED00F2DE0A /* pause.png */; };
		E1BB986E246F19F000F2DE0A /* restart.png in Resources */ = {isa = PBXBuildFile; fileRef = E1BB986D246F19F000F2DE0A /* restart.png */; };
		E1FEA26F2455CDD000317095 /* BookMarkViewController.swift in Sources */ = {isa = PBXBuildFile; fileRef = E1FEA26E2455CDD000317095 /* BookMarkViewController.swift */; };
/* End PBXBuildFile section */

/* Begin PBXFileReference section */
		98203887242A522D0056519C /* 7-2 10.png */ = {isa = PBXFileReference; lastKnownFileType = image.png; path = "7-2 10.png"; sourceTree = "<group>"; };
		984D17A3242928B0005CE011 /* cell-four.swift */ = {isa = PBXFileReference; lastKnownFileType = sourcecode.swift; path = "cell-four.swift"; sourceTree = "<group>"; };
		98716CA2241A210800AB41BB /* Jay.app */ = {isa = PBXFileReference; explicitFileType = wrapper.application; includeInIndex = 0; path = Jay.app; sourceTree = BUILT_PRODUCTS_DIR; };
		98716CA5241A210800AB41BB /* AppDelegate.swift */ = {isa = PBXFileReference; lastKnownFileType = sourcecode.swift; path = AppDelegate.swift; sourceTree = "<group>"; };
		98716CA7241A210800AB41BB /* SceneDelegate.swift */ = {isa = PBXFileReference; lastKnownFileType = sourcecode.swift; path = SceneDelegate.swift; sourceTree = "<group>"; };
		98716CA9241A210800AB41BB /* ViewController.swift */ = {isa = PBXFileReference; lastKnownFileType = sourcecode.swift; path = ViewController.swift; sourceTree = "<group>"; };
		98716CAC241A210800AB41BB /* Base */ = {isa = PBXFileReference; lastKnownFileType = file.storyboard; name = Base; path = Base.lproj/Main.storyboard; sourceTree = "<group>"; };
		98716CAE241A210A00AB41BB /* Assets.xcassets */ = {isa = PBXFileReference; lastKnownFileType = folder.assetcatalog; path = Assets.xcassets; sourceTree = "<group>"; };
		98716CB1241A210A00AB41BB /* Base */ = {isa = PBXFileReference; lastKnownFileType = file.storyboard; name = Base; path = Base.lproj/LaunchScreen.storyboard; sourceTree = "<group>"; };
		98716CB3241A210A00AB41BB /* Info.plist */ = {isa = PBXFileReference; lastKnownFileType = text.plist.xml; path = Info.plist; sourceTree = "<group>"; };
		98716CB9241A21D100AB41BB /* CollectionViewCell-one.swift */ = {isa = PBXFileReference; lastKnownFileType = sourcecode.swift; path = "CollectionViewCell-one.swift"; sourceTree = "<group>"; };
		98716CBF241A307A00AB41BB /* Q_MainPhotoCard.png */ = {isa = PBXFileReference; lastKnownFileType = image.png; path = Q_MainPhotoCard.png; sourceTree = "<group>"; };
		98716CC1241A308000AB41BB /* 7-2 5.png */ = {isa = PBXFileReference; lastKnownFileType = image.png; path = "7-2 5.png"; sourceTree = "<group>"; };
		98716CC3241A36F000AB41BB /* CollectionViewCell-two.swift */ = {isa = PBXFileReference; lastKnownFileType = sourcecode.swift; path = "CollectionViewCell-two.swift"; sourceTree = "<group>"; };
		98716CC5241A3F2600AB41BB /* data.swift */ = {isa = PBXFileReference; lastKnownFileType = sourcecode.swift; path = data.swift; sourceTree = "<group>"; };
		98716CC7241A539400AB41BB /* 7-2 7.png */ = {isa = PBXFileReference; lastKnownFileType = image.png; path = "7-2 7.png"; sourceTree = "<group>"; };
		98716CC9241A539900AB41BB /* 7-2 8.png */ = {isa = PBXFileReference; lastKnownFileType = image.png; path = "7-2 8.png"; sourceTree = "<group>"; };
		98716CCB241A539F00AB41BB /* 7-2 6.png */ = {isa = PBXFileReference; lastKnownFileType = image.png; path = "7-2 6.png"; sourceTree = "<group>"; };
		98716CCD241A723700AB41BB /* CollectionViewCell-thre.swift */ = {isa = PBXFileReference; lastKnownFileType = sourcecode.swift; path = "CollectionViewCell-thre.swift"; sourceTree = "<group>"; };
		9892A7DB243E202400015C93 /* LoginView.swift */ = {isa = PBXFileReference; lastKnownFileType = sourcecode.swift; path = LoginView.swift; sourceTree = "<group>"; };
		E158A2062466F56600D85161 /* ViewControllerScrollView.swift */ = {isa = PBXFileReference; lastKnownFileType = sourcecode.swift; path = ViewControllerScrollView.swift; sourceTree = "<group>"; };
		E158A208246C21EC00D85161 /* 1-5.png */ = {isa = PBXFileReference; lastKnownFileType = image.png; path = "1-5.png"; sourceTree = "<group>"; };
		E158A20A246C21EC00D85161 /* 1-3.png */ = {isa = PBXFileReference; lastKnownFileType = image.png; path = "1-3.png"; sourceTree = "<group>"; };
		E158A20B246C21EC00D85161 /* 1_1.png */ = {isa = PBXFileReference; lastKnownFileType = image.png; path = 1_1.png; sourceTree = "<group>"; };
		E158A20C246C21EC00D85161 /* 1-4.png */ = {isa = PBXFileReference; lastKnownFileType = image.png; path = "1-4.png"; sourceTree = "<group>"; };
		E158A212246C24C400D85161 /* 1-2.png */ = {isa = PBXFileReference; lastKnownFileType = image.png; path = "1-2.png"; sourceTree = "<group>"; };
		E158A214246C272300D85161 /* 7-2 11.png */ = {isa = PBXFileReference; lastKnownFileType = image.png; name = "7-2 11.png"; path = "../../7-2 11.png"; sourceTree = "<group>"; };
		E158A216246C2B6F00D85161 /* 7-2 9.png */ = {isa = PBXFileReference; lastKnownFileType = image.png; name = "7-2 9.png"; path = "../../7-2 9.png"; sourceTree = "<group>"; };
		E158A218246C67B900D85161 /* 7-2 14.png */ = {isa = PBXFileReference; lastKnownFileType = image.png; path = "7-2 14.png"; sourceTree = "<group>"; };
		E158A219246C67B900D85161 /* 7-21 3.png */ = {isa = PBXFileReference; lastKnownFileType = image.png; path = "7-21 3.png"; sourceTree = "<group>"; };
		E158A21A246C67B900D85161 /* 7-2 12.png */ = {isa = PBXFileReference; lastKnownFileType = image.png; path = "7-2 12.png"; sourceTree = "<group>"; };
		E158A21E246C69DA00D85161 /* 7-2 15.png */ = {isa = PBXFileReference; lastKnownFileType = image.png; path = "7-2 15.png"; sourceTree = "<group>"; };
		E158A224246D555E00D85161 /* TableListViewCell.swift */ = {isa = PBXFileReference; lastKnownFileType = sourcecode.swift; path = TableListViewCell.swift; sourceTree = "<group>"; };
		E158A226246D57DB00D85161 /* TableListViewController.swift */ = {isa = PBXFileReference; lastKnownFileType = sourcecode.swift; path = TableListViewController.swift; sourceTree = "<group>"; };
		E158A228246D774600D85161 /* 7-2 16.png */ = {isa = PBXFileReference; lastKnownFileType = image.png; path = "7-2 16.png"; sourceTree = "<group>"; };
		E158A22C246D9D5400D85161 /* Manrope-ExtraBold.ttf */ = {isa = PBXFileReference; lastKnownFileType = file; path = "Manrope-ExtraBold.ttf"; sourceTree = "<group>"; };
		E158A22E246D9D6100D85161 /* Manrope-Bold.ttf */ = {isa = PBXFileReference; lastKnownFileType = file; path = "Manrope-Bold.ttf"; sourceTree = "<group>"; };
		E158A230246D9D6A00D85161 /* Manrope-Regular.ttf */ = {isa = PBXFileReference; lastKnownFileType = file; path = "Manrope-Regular.ttf"; sourceTree = "<group>"; };
		E1740F37246DB2CD00619628 /* raiting.png */ = {isa = PBXFileReference; lastKnownFileType = image.png; path = raiting.png; sourceTree = "<group>"; };
		E1740F39246DB2D100619628 /* 7-2 18.png */ = {isa = PBXFileReference; lastKnownFileType = image.png; path = "7-2 18.png"; sourceTree = "<group>"; };
		E1740F3B246DB2D500619628 /* burgerMenu.png */ = {isa = PBXFileReference; lastKnownFileType = image.png; path = burgerMenu.png; sourceTree = "<group>"; };
		E1740F3D246DB49200619628 /* mark.png */ = {isa = PBXFileReference; lastKnownFileType = image.png; path = mark.png; sourceTree = "<group>"; };
		E1740F3F246DB60B00619628 /* 7-2 19.png */ = {isa = PBXFileReference; lastKnownFileType = image.png; path = "7-2 19.png"; sourceTree = "<group>"; };
		E1740F41246DB98B00619628 /* meatBall.png */ = {isa = PBXFileReference; lastKnownFileType = image.png; path = meatBall.png; sourceTree = "<group>"; };
		E1740F43246DC4C200619628 /* ProfileScrollViewController.swift */ = {isa = PBXFileReference; lastKnownFileType = sourcecode.swift; path = ProfileScrollViewController.swift; sourceTree = "<group>"; };
		E1740F45246DD83800619628 /* 7-2 20.png */ = {isa = PBXFileReference; lastKnownFileType = image.png; path = "7-2 20.png"; sourceTree = "<group>"; };
		E1740F47246DD8A700619628 /* 7-2 21.png */ = {isa = PBXFileReference; lastKnownFileType = image.png; path = "7-2 21.png"; sourceTree = "<group>"; };
		E1740F52246DDD1C00619628 /* RoutScrollViewController.swift */ = {isa = PBXFileReference; lastKnownFileType = sourcecode.swift; path = RoutScrollViewController.swift; sourceTree = "<group>"; };
		E1740F54246DE08300619628 /* 7-2 22.png */ = {isa = PBXFileReference; lastKnownFileType = image.png; path = "7-2 22.png"; sourceTree = "<group>"; };
		E1740F56246DE17800619628 /* 7-2 17.png */ = {isa = PBXFileReference; lastKnownFileType = image.png; name = "7-2 17.png"; path = "../../7-2 17.png"; sourceTree = "<group>"; };
		E18CB5002471C685006E11A7 /* 7-2 28.png */ = {isa = PBXFileReference; lastKnownFileType = image.png; name = "7-2 28.png"; path = "../../7-2 28.png"; sourceTree = "<group>"; };
		E18CB5022471C68B006E11A7 /* 7-2 27.png */ = {isa = PBXFileReference; lastKnownFileType = image.png; name = "7-2 27.png"; path = "../../7-2 27.png"; sourceTree = "<group>"; };
		E18CB5042471C697006E11A7 /* profileFill.png */ = {isa = PBXFileReference; lastKnownFileType = image.png; name = profileFill.png; path = ../../../profileFill.png; sourceTree = "<group>"; };
		E18CB5062471C6BA006E11A7 /* homeFill.png */ = {isa = PBXFileReference; lastKnownFileType = image.png; name = homeFill.png; path = ../../../homeFill.png; sourceTree = "<group>"; };
		E197F38B2455E494002CFABC /* Notifications.swift */ = {isa = PBXFileReference; lastKnownFileType = sourcecode.swift; path = Notifications.swift; sourceTree = "<group>"; };
		E197F38D2455E878002CFABC /* PopOverViewComtroller.swift */ = {isa = PBXFileReference; lastKnownFileType = sourcecode.swift; path = PopOverViewComtroller.swift; sourceTree = "<group>"; };
		E197F38F2455EC43002CFABC /* Shared.swift */ = {isa = PBXFileReference; lastKnownFileType = sourcecode.swift; path = Shared.swift; sourceTree = "<group>"; };
		E1BB9857246EC55A00F2DE0A /* 7-2 23.png */ = {isa = PBXFileReference; lastKnownFileType = image.png; path = "7-2 23.png"; sourceTree = "<group>"; };
		E1BB9859246EC56000F2DE0A /* 7-2 24.png */ = {isa = PBXFileReference; lastKnownFileType = image.png; path = "7-2 24.png"; sourceTree = "<group>"; };
		E1BB985B246EC56400F2DE0A /* 7-2 25.png */ = {isa = PBXFileReference; lastKnownFileType = image.png; path = "7-2 25.png"; sourceTree = "<group>"; };
		E1BB985D246EF9DA00F2DE0A /* AudioViewController.swift */ = {isa = PBXFileReference; lastKnownFileType = sourcecode.swift; path = AudioViewController.swift; sourceTree = "<group>"; };
		E1BB9860246EFC2800F2DE0A /* AVFoundation.framework */ = {isa = PBXFileReference; lastKnownFileType = wrapper.framework; name = AVFoundation.framework; path = System/Library/Frameworks/AVFoundation.framework; sourceTree = SDKROOT; };
		E1BB9865246EFD1A00F2DE0A /* Audio.mp3 */ = {isa = PBXFileReference; lastKnownFileType = audio.mp3; name = Audio.mp3; path = ../../../Audio.mp3; sourceTree = "<group>"; };
		E1BB9867246F089400F2DE0A /* markFill.png */ = {isa = PBXFileReference; lastKnownFileType = image.png; name = markFill.png; path = ../../../markFill.png; sourceTree = "<group>"; };
		E1BB9869246F19E800F2DE0A /* play.png */ = {isa = PBXFileReference; lastKnownFileType = image.png; name = play.png; path = ../../../play.png; sourceTree = "<group>"; };
		E1BB986B246F19ED00F2DE0A /* pause.png */ = {isa = PBXFileReference; lastKnownFileType = image.png; name = pause.png; path = ../../../pause.png; sourceTree = "<group>"; };
		E1BB986D246F19F000F2DE0A /* restart.png */ = {isa = PBXFileReference; lastKnownFileType = image.png; name = restart.png; path = ../../restart.png; sourceTree = "<group>"; };
		E1FEA26E2455CDD000317095 /* BookMarkViewController.swift */ = {isa = PBXFileReference; lastKnownFileType = sourcecode.swift; path = BookMarkViewController.swift; sourceTree = "<group>"; };
/* End PBXFileReference section */

/* Begin PBXFrameworksBuildPhase section */
		98716C9F241A210800AB41BB /* Frameworks */ = {
			isa = PBXFrameworksBuildPhase;
			buildActionMask = 2147483647;
			files = (
				E1BB9861246EFC2800F2DE0A /* AVFoundation.framework in Frameworks */,
			);
			runOnlyForDeploymentPostprocessing = 0;
		};
/* End PBXFrameworksBuildPhase section */

/* Begin PBXGroup section */
		98716C99241A210800AB41BB = {
			isa = PBXGroup;
			children = (
				E1740F52246DDD1C00619628 /* RoutScrollViewController.swift */,
				E1740F43246DC4C200619628 /* ProfileScrollViewController.swift */,
				E1BB985D246EF9DA00F2DE0A /* AudioViewController.swift */,
				E158A224246D555E00D85161 /* TableListViewCell.swift */,
				E158A226246D57DB00D85161 /* TableListViewController.swift */,
				E1FEA26E2455CDD000317095 /* BookMarkViewController.swift */,
				98716CA4241A210800AB41BB /* Jay */,
				98716CA3241A210800AB41BB /* Products */,
				E1BB985F246EFC2800F2DE0A /* Frameworks */,
			);
			sourceTree = "<group>";
		};
		98716CA3241A210800AB41BB /* Products */ = {
			isa = PBXGroup;
			children = (
				98716CA2241A210800AB41BB /* Jay.app */,
			);
			name = Products;
			sourceTree = "<group>";
		};
		98716CA4241A210800AB41BB /* Jay */ = {
			isa = PBXGroup;
			children = (
				E1BB9862246EFC9E00F2DE0A /* Music */,
				E158A22A246D9D1100D85161 /* Fonts */,
				E1CEC72D24508AA900D4F803 /* TabIcons */,
				E1BB986D246F19F000F2DE0A /* restart.png */,
				98716CA5241A210800AB41BB /* AppDelegate.swift */,
				98716CA7241A210800AB41BB /* SceneDelegate.swift */,
				98716CA9241A210800AB41BB /* ViewController.swift */,
				98716CC5241A3F2600AB41BB /* data.swift */,
				98716CAB241A210800AB41BB /* Main.storyboard */,
				E158A2062466F56600D85161 /* ViewControllerScrollView.swift */,
				E197F38F2455EC43002CFABC /* Shared.swift */,
				E197F38D2455E878002CFABC /* PopOverViewComtroller.swift */,
				E197F38B2455E494002CFABC /* Notifications.swift */,
				9892A7DB243E202400015C93 /* LoginView.swift */,
				984D17A3242928B0005CE011 /* cell-four.swift */,
				98716CC3241A36F000AB41BB /* CollectionViewCell-two.swift */,
				98716CB9241A21D100AB41BB /* CollectionViewCell-one.swift */,
				98716CCD241A723700AB41BB /* CollectionViewCell-thre.swift */,
				98716CAE241A210A00AB41BB /* Assets.xcassets */,
				98716CBF241A307A00AB41BB /* Q_MainPhotoCard.png */,
				E18CB5002471C685006E11A7 /* 7-2 28.png */,
				E18CB5022471C68B006E11A7 /* 7-2 27.png */,
				E158A214246C272300D85161 /* 7-2 11.png */,
				E1740F3F246DB60B00619628 /* 7-2 19.png */,
				E1740F45246DD83800619628 /* 7-2 20.png */,
				E1740F47246DD8A700619628 /* 7-2 21.png */,
				E1740F54246DE08300619628 /* 7-2 22.png */,
				E1BB9857246EC55A00F2DE0A /* 7-2 23.png */,
				E1BB9859246EC56000F2DE0A /* 7-2 24.png */,
				E1BB985B246EC56400F2DE0A /* 7-2 25.png */,
				E158A21A246C67B900D85161 /* 7-2 12.png */,
				E1740F3B246DB2D500619628 /* burgerMenu.png */,
				E1740F41246DB98B00619628 /* meatBall.png */,
				E158A218246C67B900D85161 /* 7-2 14.png */,
				E158A21E246C69DA00D85161 /* 7-2 15.png */,
				E158A228246D774600D85161 /* 7-2 16.png */,
				E1740F39246DB2D100619628 /* 7-2 18.png */,
				E1740F56246DE17800619628 /* 7-2 17.png */,
				E1740F37246DB2CD00619628 /* raiting.png */,
				E158A219246C67B900D85161 /* 7-21 3.png */,
				98716CC1241A308000AB41BB /* 7-2 5.png */,
				98716CC7241A539400AB41BB /* 7-2 7.png */,
				98716CC9241A539900AB41BB /* 7-2 8.png */,
				E158A216246C2B6F00D85161 /* 7-2 9.png */,
				98716CCB241A539F00AB41BB /* 7-2 6.png */,
				98203887242A522D0056519C /* 7-2 10.png */,
				98716CB0241A210A00AB41BB /* LaunchScreen.storyboard */,
				98716CB3241A210A00AB41BB /* Info.plist */,
			);
			path = Jay;
			sourceTree = "<group>";
		};
		E158A22A246D9D1100D85161 /* Fonts */ = {
			isa = PBXGroup;
			children = (
				E158A22E246D9D6100D85161 /* Manrope-Bold.ttf */,
				E158A22C246D9D5400D85161 /* Manrope-ExtraBold.ttf */,
				E158A230246D9D6A00D85161 /* Manrope-Regular.ttf */,
			);
			path = Fonts;
			sourceTree = "<group>";
		};
		E1BB985F246EFC2800F2DE0A /* Frameworks */ = {
			isa = PBXGroup;
			children = (
				E1BB9860246EFC2800F2DE0A /* AVFoundation.framework */,
			);
			name = Frameworks;
			sourceTree = "<group>";
		};
		E1BB9862246EFC9E00F2DE0A /* Music */ = {
			isa = PBXGroup;
			children = (
				E1BB9865246EFD1A00F2DE0A /* Audio.mp3 */,
			);
			path = Music;
			sourceTree = "<group>";
		};
		E1CEC72D24508AA900D4F803 /* TabIcons */ = {
			isa = PBXGroup;
			children = (
				E1740F3D246DB49200619628 /* mark.png */,
				E1BB9867246F089400F2DE0A /* markFill.png */,
				E158A20B246C21EC00D85161 /* 1_1.png */,
				E158A212246C24C400D85161 /* 1-2.png */,
				E158A20A246C21EC00D85161 /* 1-3.png */,
				E158A20C246C21EC00D85161 /* 1-4.png */,
				E158A208246C21EC00D85161 /* 1-5.png */,
				E1BB9869246F19E800F2DE0A /* play.png */,
				E18CB5042471C697006E11A7 /* profileFill.png */,
				E18CB5062471C6BA006E11A7 /* homeFill.png */,
				E1BB986B246F19ED00F2DE0A /* pause.png */,
			);
			path = TabIcons;
			sourceTree = "<group>";
		};
/* End PBXGroup section */

/* Begin PBXNativeTarget section */
		98716CA1241A210800AB41BB /* Jay */ = {
			isa = PBXNativeTarget;
			buildConfigurationList = 98716CB6241A210A00AB41BB /* Build configuration list for PBXNativeTarget "Jay" */;
			buildPhases = (
				98716C9E241A210800AB41BB /* Sources */,
				98716C9F241A210800AB41BB /* Frameworks */,
				98716CA0241A210800AB41BB /* Resources */,
			);
			buildRules = (
			);
			dependencies = (
			);
			name = Jay;
			productName = Jay;
			productReference = 98716CA2241A210800AB41BB /* Jay.app */;
			productType = "com.apple.product-type.application";
		};
/* End PBXNativeTarget section */

/* Begin PBXProject section */
		98716C9A241A210800AB41BB /* Project object */ = {
			isa = PBXProject;
			attributes = {
				LastSwiftUpdateCheck = 1130;
				LastUpgradeCheck = 1130;
				ORGANIZATIONNAME = "POLINA FILACEVA";
				TargetAttributes = {
					98716CA1241A210800AB41BB = {
						CreatedOnToolsVersion = 11.3.1;
					};
				};
			};
			buildConfigurationList = 98716C9D241A210800AB41BB /* Build configuration list for PBXProject "Jay" */;
			compatibilityVersion = "Xcode 9.3";
			developmentRegion = en;
			hasScannedForEncodings = 0;
			knownRegions = (
				en,
				Base,
			);
			mainGroup = 98716C99241A210800AB41BB;
			productRefGroup = 98716CA3241A210800AB41BB /* Products */;
			projectDirPath = "";
			projectRoot = "";
			targets = (
				98716CA1241A210800AB41BB /* Jay */,
			);
		};
/* End PBXProject section */

/* Begin PBXResourcesBuildPhase section */
		98716CA0241A210800AB41BB /* Resources */ = {
			isa = PBXResourcesBuildPhase;
			buildActionMask = 2147483647;
			files = (
				E18CB5012471C685006E11A7 /* 7-2 28.png in Resources */,
				E1BB9858246EC55A00F2DE0A /* 7-2 23.png in Resources */,
				E1BB986A246F19E800F2DE0A /* play.png in Resources */,
				E158A229246D774700D85161 /* 7-2 16.png in Resources */,
				E158A231246D9D6B00D85161 /* Manrope-Regular.ttf in Resources */,
				E1BB985C246EC56400F2DE0A /* 7-2 25.png in Resources */,
				E158A213246C24C400D85161 /* 1-2.png in Resources */,
				E1BB9866246EFD1A00F2DE0A /* Audio.mp3 in Resources */,
				E18CB5032471C68B006E11A7 /* 7-2 27.png in Resources */,
				E158A217246C2B7000D85161 /* 7-2 9.png in Resources */,
				98716CCC241A539F00AB41BB /* 7-2 6.png in Resources */,
				E158A22F246D9D6100D85161 /* Manrope-Bold.ttf in Resources */,
				98716CB2241A210A00AB41BB /* LaunchScreen.storyboard in Resources */,
				E18CB5072471C6BA006E11A7 /* homeFill.png in Resources */,
				98716CAF241A210A00AB41BB /* Assets.xcassets in Resources */,
				98716CC2241A308000AB41BB /* 7-2 5.png in Resources */,
				E1740F3E246DB49200619628 /* mark.png in Resources */,
				E158A215246C272400D85161 /* 7-2 11.png in Resources */,
				E1BB986C246F19ED00F2DE0A /* pause.png in Resources */,
				E1740F55246DE08300619628 /* 7-2 22.png in Resources */,
				E1740F3A246DB2D100619628 /* 7-2 18.png in Resources */,
				E158A21C246C67BA00D85161 /* 7-21 3.png in Resources */,
				98716CCA241A539900AB41BB /* 7-2 8.png in Resources */,
				E1740F57246DE17800619628 /* 7-2 17.png in Resources */,
				E158A21B246C67BA00D85161 /* 7-2 14.png in Resources */,
				E1740F40246DB60B00619628 /* 7-2 19.png in Resources */,
				E158A21F246C69DB00D85161 /* 7-2 15.png in Resources */,
				E158A21D246C67BA00D85161 /* 7-2 12.png in Resources */,
				E1BB986E246F19F000F2DE0A /* restart.png in Resources */,
				E1740F3C246DB2D500619628 /* burgerMenu.png in Resources */,
				E158A211246C21EC00D85161 /* 1-4.png in Resources */,
				E1740F46246DD83800619628 /* 7-2 20.png in Resources */,
				E158A20D246C21EC00D85161 /* 1-5.png in Resources */,
				E1BB9868246F089400F2DE0A /* markFill.png in Resources */,
				98716CC8241A539400AB41BB /* 7-2 7.png in Resources */,
				98203888242A522D0056519C /* 7-2 10.png in Resources */,
				E1740F38246DB2CE00619628 /* raiting.png in Resources */,
				E158A22D246D9D5400D85161 /* Manrope-ExtraBold.ttf in Resources */,
				E1740F48246DD8A700619628 /* 7-2 21.png in Resources */,
				E158A20F246C21EC00D85161 /* 1-3.png in Resources */,
				98716CAD241A210800AB41BB /* Main.storyboard in Resources */,
				E158A210246C21EC00D85161 /* 1_1.png in Resources */,
				E18CB5052471C697006E11A7 /* profileFill.png in Resources */,
				E1BB985A246EC56000F2DE0A /* 7-2 24.png in Resources */,
				98716CC0241A307A00AB41BB /* Q_MainPhotoCard.png in Resources */,
				E1740F42246DB98B00619628 /* meatBall.png in Resources */,
			);
			runOnlyForDeploymentPostprocessing = 0;
		};
/* End PBXResourcesBuildPhase section */

/* Begin PBXSourcesBuildPhase section */
		98716C9E241A210800AB41BB /* Sources */ = {
			isa = PBXSourcesBuildPhase;
			buildActionMask = 2147483647;
			files = (
				E197F3902455EC43002CFABC /* Shared.swift in Sources */,
				E158A225246D555E00D85161 /* TableListViewCell.swift in Sources */,
				E158A227246D57DB00D85161 /* TableListViewController.swift in Sources */,
				E1740F53246DDD1C00619628 /* RoutScrollViewController.swift in Sources */,
				E197F38C2455E494002CFABC /* Notifications.swift in Sources */,
				98716CAA241A210800AB41BB /* ViewController.swift in Sources */,
				98716CC6241A3F2600AB41BB /* data.swift in Sources */,
				98716CCE241A723700AB41BB /* CollectionViewCell-thre.swift in Sources */,
				984D17A4242928B0005CE011 /* cell-four.swift in Sources */,
				98716CBA241A21D100AB41BB /* CollectionViewCell-one.swift in Sources */,
				98716CC4241A36F000AB41BB /* CollectionViewCell-two.swift in Sources */,
				9892A7DC243E202400015C93 /* LoginView.swift in Sources */,
				E158A2072466F56600D85161 /* ViewControllerScrollView.swift in Sources */,
				98716CA6241A210800AB41BB /* AppDelegate.swift in Sources */,
				E1BB985E246EF9DA00F2DE0A /* AudioViewController.swift in Sources */,
				E1FEA26F2455CDD000317095 /* BookMarkViewController.swift in Sources */,
				E197F38E2455E878002CFABC /* PopOverViewComtroller.swift in Sources */,
				E1740F44246DC4C200619628 /* ProfileScrollViewController.swift in Sources */,
				98716CA8241A210800AB41BB /* SceneDelegate.swift in Sources */,
			);
			runOnlyForDeploymentPostprocessing = 0;
		};
/* End PBXSourcesBuildPhase section */

/* Begin PBXVariantGroup section */
		98716CAB241A210800AB41BB /* Main.storyboard */ = {
			isa = PBXVariantGroup;
			children = (
				98716CAC241A210800AB41BB /* Base */,
			);
			name = Main.storyboard;
			sourceTree = "<group>";
		};
		98716CB0241A210A00AB41BB /* LaunchScreen.storyboard */ = {
			isa = PBXVariantGroup;
			children = (
				98716CB1241A210A00AB41BB /* Base */,
			);
			name = LaunchScreen.storyboard;
			sourceTree = "<group>";
		};
/* End PBXVariantGroup section */

/* Begin XCBuildConfiguration section */
		98716CB4241A210A00AB41BB /* Debug */ = {
			isa = XCBuildConfiguration;
			buildSettings = {
				ALWAYS_SEARCH_USER_PATHS = NO;
				CLANG_ANALYZER_NONNULL = YES;
				CLANG_ANALYZER_NUMBER_OBJECT_CONVERSION = YES_AGGRESSIVE;
				CLANG_CXX_LANGUAGE_STANDARD = "gnu++14";
				CLANG_CXX_LIBRARY = "libc++";
				CLANG_ENABLE_MODULES = YES;
				CLANG_ENABLE_OBJC_ARC = YES;
				CLANG_ENABLE_OBJC_WEAK = YES;
				CLANG_WARN_BLOCK_CAPTURE_AUTORELEASING = YES;
				CLANG_WARN_BOOL_CONVERSION = YES;
				CLANG_WARN_COMMA = YES;
				CLANG_WARN_CONSTANT_CONVERSION = YES;
				CLANG_WARN_DEPRECATED_OBJC_IMPLEMENTATIONS = YES;
				CLANG_WARN_DIRECT_OBJC_ISA_USAGE = YES_ERROR;
				CLANG_WARN_DOCUMENTATION_COMMENTS = YES;
				CLANG_WARN_EMPTY_BODY = YES;
				CLANG_WARN_ENUM_CONVERSION = YES;
				CLANG_WARN_INFINITE_RECURSION = YES;
				CLANG_WARN_INT_CONVERSION = YES;
				CLANG_WARN_NON_LITERAL_NULL_CONVERSION = YES;
				CLANG_WARN_OBJC_IMPLICIT_RETAIN_SELF = YES;
				CLANG_WARN_OBJC_LITERAL_CONVERSION = YES;
				CLANG_WARN_OBJC_ROOT_CLASS = YES_ERROR;
				CLANG_WARN_RANGE_LOOP_ANALYSIS = YES;
				CLANG_WARN_STRICT_PROTOTYPES = YES;
				CLANG_WARN_SUSPICIOUS_MOVE = YES;
				CLANG_WARN_UNGUARDED_AVAILABILITY = YES_AGGRESSIVE;
				CLANG_WARN_UNREACHABLE_CODE = YES;
				CLANG_WARN__DUPLICATE_METHOD_MATCH = YES;
				COPY_PHASE_STRIP = NO;
				DEBUG_INFORMATION_FORMAT = dwarf;
				ENABLE_STRICT_OBJC_MSGSEND = YES;
				ENABLE_TESTABILITY = YES;
				GCC_C_LANGUAGE_STANDARD = gnu11;
				GCC_DYNAMIC_NO_PIC = NO;
				GCC_NO_COMMON_BLOCKS = YES;
				GCC_OPTIMIZATION_LEVEL = 0;
				GCC_PREPROCESSOR_DEFINITIONS = (
					"DEBUG=1",
					"$(inherited)",
				);
				GCC_WARN_64_TO_32_BIT_CONVERSION = YES;
				GCC_WARN_ABOUT_RETURN_TYPE = YES_ERROR;
				GCC_WARN_UNDECLARED_SELECTOR = YES;
				GCC_WARN_UNINITIALIZED_AUTOS = YES_AGGRESSIVE;
				GCC_WARN_UNUSED_FUNCTION = YES;
				GCC_WARN_UNUSED_VARIABLE = YES;
				IPHONEOS_DEPLOYMENT_TARGET = 13.2;
				MTL_ENABLE_DEBUG_INFO = INCLUDE_SOURCE;
				MTL_FAST_MATH = YES;
				ONLY_ACTIVE_ARCH = YES;
				SDKROOT = iphoneos;
				SWIFT_ACTIVE_COMPILATION_CONDITIONS = DEBUG;
				SWIFT_OPTIMIZATION_LEVEL = "-Onone";
			};
			name = Debug;
		};
		98716CB5241A210A00AB41BB /* Release */ = {
			isa = XCBuildConfiguration;
			buildSettings = {
				ALWAYS_SEARCH_USER_PATHS = NO;
				CLANG_ANALYZER_NONNULL = YES;
				CLANG_ANALYZER_NUMBER_OBJECT_CONVERSION = YES_AGGRESSIVE;
				CLANG_CXX_LANGUAGE_STANDARD = "gnu++14";
				CLANG_CXX_LIBRARY = "libc++";
				CLANG_ENABLE_MODULES = YES;
				CLANG_ENABLE_OBJC_ARC = YES;
				CLANG_ENABLE_OBJC_WEAK = YES;
				CLANG_WARN_BLOCK_CAPTURE_AUTORELEASING = YES;
				CLANG_WARN_BOOL_CONVERSION = YES;
				CLANG_WARN_COMMA = YES;
				CLANG_WARN_CONSTANT_CONVERSION = YES;
				CLANG_WARN_DEPRECATED_OBJC_IMPLEMENTATIONS = YES;
				CLANG_WARN_DIRECT_OBJC_ISA_USAGE = YES_ERROR;
				CLANG_WARN_DOCUMENTATION_COMMENTS = YES;
				CLANG_WARN_EMPTY_BODY = YES;
				CLANG_WARN_ENUM_CONVERSION = YES;
				CLANG_WARN_INFINITE_RECURSION = YES;
				CLANG_WARN_INT_CONVERSION = YES;
				CLANG_WARN_NON_LITERAL_NULL_CONVERSION = YES;
				CLANG_WARN_OBJC_IMPLICIT_RETAIN_SELF = YES;
				CLANG_WARN_OBJC_LITERAL_CONVERSION = YES;
				CLANG_WARN_OBJC_ROOT_CLASS = YES_ERROR;
				CLANG_WARN_RANGE_LOOP_ANALYSIS = YES;
				CLANG_WARN_STRICT_PROTOTYPES = YES;
				CLANG_WARN_SUSPICIOUS_MOVE = YES;
				CLANG_WARN_UNGUARDED_AVAILABILITY = YES_AGGRESSIVE;
				CLANG_WARN_UNREACHABLE_CODE = YES;
				CLANG_WARN__DUPLICATE_METHOD_MATCH = YES;
				COPY_PHASE_STRIP = NO;
				DEBUG_INFORMATION_FORMAT = "dwarf-with-dsym";
				ENABLE_NS_ASSERTIONS = NO;
				ENABLE_STRICT_OBJC_MSGSEND = YES;
				GCC_C_LANGUAGE_STANDARD = gnu11;
				GCC_NO_COMMON_BLOCKS = YES;
				GCC_WARN_64_TO_32_BIT_CONVERSION = YES;
				GCC_WARN_ABOUT_RETURN_TYPE = YES_ERROR;
				GCC_WARN_UNDECLARED_SELECTOR = YES;
				GCC_WARN_UNINITIALIZED_AUTOS = YES_AGGRESSIVE;
				GCC_WARN_UNUSED_FUNCTION = YES;
				GCC_WARN_UNUSED_VARIABLE = YES;
				IPHONEOS_DEPLOYMENT_TARGET = 13.2;
				MTL_ENABLE_DEBUG_INFO = NO;
				MTL_FAST_MATH = YES;
				SDKROOT = iphoneos;
				SWIFT_COMPILATION_MODE = wholemodule;
				SWIFT_OPTIMIZATION_LEVEL = "-O";
				VALIDATE_PRODUCT = YES;
			};
			name = Release;
		};
		98716CB7241A210A00AB41BB /* Debug */ = {
			isa = XCBuildConfiguration;
			buildSettings = {
				ASSETCATALOG_COMPILER_APPICON_NAME = AppIcon;
				CODE_SIGN_STYLE = Automatic;
				INFOPLIST_FILE = Jay/Info.plist;
				LD_RUNPATH_SEARCH_PATHS = (
					"$(inherited)",
					"@executable_path/Frameworks",
				);
				PRODUCT_BUNDLE_IDENTIFIER = HSEADC2018.Jay;
				PRODUCT_NAME = "$(TARGET_NAME)";
				SWIFT_VERSION = 5.0;
				TARGETED_DEVICE_FAMILY = "1,2";
			};
			name = Debug;
		};
		98716CB8241A210A00AB41BB /* Release */ = {
			isa = XCBuildConfiguration;
			buildSettings = {
				ASSETCATALOG_COMPILER_APPICON_NAME = AppIcon;
				CODE_SIGN_STYLE = Automatic;
				INFOPLIST_FILE = Jay/Info.plist;
				LD_RUNPATH_SEARCH_PATHS = (
					"$(inherited)",
					"@executable_path/Frameworks",
				);
				PRODUCT_BUNDLE_IDENTIFIER = HSEADC2018.Jay;
				PRODUCT_NAME = "$(TARGET_NAME)";
				SWIFT_VERSION = 5.0;
				TARGETED_DEVICE_FAMILY = "1,2";
			};
			name = Release;
		};
/* End XCBuildConfiguration section */

/* Begin XCConfigurationList section */
		98716C9D241A210800AB41BB /* Build configuration list for PBXProject "Jay" */ = {
			isa = XCConfigurationList;
			buildConfigurations = (
				98716CB4241A210A00AB41BB /* Debug */,
				98716CB5241A210A00AB41BB /* Release */,
			);
			defaultConfigurationIsVisible = 0;
			defaultConfigurationName = Release;
		};
		98716CB6241A210A00AB41BB /* Build configuration list for PBXNativeTarget "Jay" */ = {
			isa = XCConfigurationList;
			buildConfigurations = (
				98716CB7241A210A00AB41BB /* Debug */,
				98716CB8241A210A00AB41BB /* Release */,
			);
			defaultConfigurationIsVisible = 0;
			defaultConfigurationName = Release;
		};
/* End XCConfigurationList section */
	};
	rootObject = 98716C9A241A210800AB41BB /* Project object */;
}
